
Microsoft Visual Studio Solution File, Format Version 12.00
# Visual Studio Version 17
VisualStudioVersion = 17.10.35004.147
MinimumVisualStudioVersion = 10.0.40219.1
Project("{FAE04EC0-301F-11D3-BF4B-00C04F79EFBC}") = "WindowsServiceYape", "WindowsServiceYape.csproj", "{F13BEED0-C54E-4D45-A3B7-DB1ABF9FFDC8}"
EndProject
Global
	GlobalSection(SolutionConfigurationPlatforms) = preSolution
		Debug|Any CPU = Debug|Any CPU
		Release|Any CPU = Release|Any CPU
	EndGlobalSection
	GlobalSection(ProjectConfigurationPlatforms) = postSolution
		{F13BEED0-C54E-4D45-A3B7-DB1ABF9FFDC8}.Debug|Any CPU.ActiveCfg = Debug|Any CPU
		{F13BEED0-C54E-4D45-A3B7-DB1ABF9FFDC8}.Debug|Any CPU.Build.0 = Debug|Any CPU
		{F13BEED0-C54E-4D45-A3B7-DB1ABF9FFDC8}.Release|Any CPU.ActiveCfg = Release|Any CPU
		{F13BEED0-C54E-4D45-A3B7-DB1ABF9FFDC8}.Release|Any CPU.Build.0 = Release|Any CPU
	EndGlobalSection
	GlobalSection(SolutionProperties) = preSolution
		HideSolutionNode = FALSE
	EndGlobalSection
	GlobalSection(ExtensibilityGlobals) = postSolution
		SolutionGuid = {1964F41B-3026-4692-A2E7-B4729AD95E70}
	EndGlobalSection
EndGlobal
